
Microsoft Visual Studio Solution File, Format Version 12.00
# Visual Studio Version 17
VisualStudioVersion = 17.5.33530.505
MinimumVisualStudioVersion = 10.0.40219.1
Project("{FAE04EC0-301F-11D3-BF4B-00C04F79EFBC}") = "UploadExcelAPI", "UploadExcelAPI\UploadExcelAPI.csproj", "{E411B48D-77CE-4DC4-AC0F-D61195D06D38}"
EndProject
Global
	GlobalSection(SolutionConfigurationPlatforms) = preSolution
		Debug|Any CPU = Debug|Any CPU
		Release|Any CPU = Release|Any CPU
	EndGlobalSection
	GlobalSection(ProjectConfigurationPlatforms) = postSolution
		{E411B48D-77CE-4DC4-AC0F-D61195D06D38}.Debug|Any CPU.ActiveCfg = Debug|Any CPU
		{E411B48D-77CE-4DC4-AC0F-D61195D06D38}.Debug|Any CPU.Build.0 = Debug|Any CPU
		{E411B48D-77CE-4DC4-AC0F-D61195D06D38}.Release|Any CPU.ActiveCfg = Release|Any CPU
		{E411B48D-77CE-4DC4-AC0F-D61195D06D38}.Release|Any CPU.Build.0 = Release|Any CPU
	EndGlobalSection
	GlobalSection(SolutionProperties) = preSolution
		HideSolutionNode = FALSE
	EndGlobalSection
	GlobalSection(ExtensibilityGlobals) = postSolution
		SolutionGuid = {03DBF3B0-4C10-4BAC-9A99-0C1F1A109C51}
	EndGlobalSection
EndGlobal
